<?xml version="1.0" encoding="utf-8"?>
<Project ToolsVersion="4.0" xmlns="http://schemas.microsoft.com/developer/msbuild/2003">
  <ItemGroup>
    <Filter Include="Fichiers sources">
      <UniqueIdentifier>{4FC737F1-C7A5-4376-A066-2A32D752A2FF}</UniqueIdentifier>
      <Extensions>cpp;c;cc;cxx;c++;cppm;ixx;def;odl;idl;hpj;bat;asm;asmx</Extensions>
    </Filter>
    <Filter Include="Fichiers d%27en-tête">
      <UniqueIdentifier>{93995380-89BD-4b04-88EB-625FBE52EBFB}</UniqueIdentifier>
      <Extensions>h;hh;hpp;hxx;h++;hm;inl;inc;ipp;xsd</Extensions>
    </Filter>
    <Filter Include="Fichiers de ressources">
      <UniqueIdentifier>{67DA6AB6-F800-4c08-8B7A-83BB121AAD01}</UniqueIdentifier>
      <Extensions>rc;ico;cur;bmp;dlg;rc2;rct;bin;rgs;gif;jpg;jpeg;jpe;resx;tiff;tif;png;wav;mfcribbon-ms</Extensions>
    </Filter>
    <Filter Include="Fichiers d%27en-tête\Components">
      <UniqueIdentifier>{9da3610b-0b78-4d9e-b2f9-5471d4b49001}</UniqueIdentifier>
    </Filter>
    <Filter Include="Fichiers d%27en-tête\Modules">
      <UniqueIdentifier>{2e873ce6-53a9-49df-87c6-bdb93f2f30a6}</UniqueIdentifier>
    </Filter>
    <Filter Include="Fichiers sources\Modules">
      <UniqueIdentifier>{6d8dcfed-f862-4864-a50f-785afb98d320}</UniqueIdentifier>
    </Filter>
    <Filter Include="Fichiers sources\Components">
      <UniqueIdentifier>{dd2f17d2-0914-4030-bc3f-59bc72743041}</UniqueIdentifier>
    </Filter>
  </ItemGroup>
  <ItemGroup>
    <ClCompile Include="Engine.cpp">
      <Filter>Fichiers sources</Filter>
    </ClCompile>
    <ClCompile Include="GameObject.cpp">
      <Filter>Fichiers sources</Filter>
    </ClCompile>
    <ClCompile Include="Scene.cpp">
      <Filter>Fichiers sources</Filter>
    </ClCompile>
    <ClCompile Include="Component.h">
      <Filter>Fichiers d%27en-tête\Components</Filter>
    </ClCompile>
    <ClCompile Include="ModuleManager.cpp">
      <Filter>Fichiers sources\Modules</Filter>
    </ClCompile>
    <ClCompile Include="SceneModule.cpp">
      <Filter>Fichiers sources\Modules</Filter>
    </ClCompile>
    <ClCompile Include="WindowModule.cpp">
      <Filter>Fichiers sources\Modules</Filter>
    </ClCompile>
    <ClCompile Include="GravityComponent.cpp">
      <Filter>Fichiers sources\Components</Filter>
    </ClCompile>
    <ClCompile Include="SpriteRendererComponent.cpp">
      <Filter>Fichiers sources\Components</Filter>
    </ClCompile>
    <ClCompile Include="ResourceModule.cpp">
      <Filter>Fichiers sources\Modules</Filter>
    </ClCompile>
  </ItemGroup>
  <ItemGroup>
    <ClInclude Include="Engine.h">
      <Filter>Fichiers d%27en-tête</Filter>
    </ClInclude>
    <ClInclude Include="GameObject.h">
      <Filter>Fichiers d%27en-tête</Filter>
    </ClInclude>
    <ClInclude Include="Transform.h">
      <Filter>Fichiers d%27en-tête</Filter>
    </ClInclude>
    <ClInclude Include="Module.h">
      <Filter>Fichiers d%27en-tête\Modules</Filter>
    </ClInclude>
    <ClInclude Include="ModuleManager.h">
      <Filter>Fichiers d%27en-tête\Modules</Filter>
    </ClInclude>
    <ClInclude Include="Scene.h">
      <Filter>Fichiers d%27en-tête\Modules</Filter>
    </ClInclude>
    <ClInclude Include="SceneModule.h">
      <Filter>Fichiers d%27en-tête\Modules</Filter>
    </ClInclude>
    <ClInclude Include="WindowModule.h">
      <Filter>Fichiers d%27en-tête\Modules</Filter>
    </ClInclude>
    <ClInclude Include="GravityComponent.h">
      <Filter>Fichiers d%27en-tête\Components</Filter>
    </ClInclude>
    <ClInclude Include="SpriteRendererComponent.h">
      <Filter>Fichiers d%27en-tête\Components</Filter>
    </ClInclude>
    <ClInclude Include="ResourceModule.h">
      <Filter>Fichiers d%27en-tête\Modules</Filter>
    </ClInclude>
  </ItemGroup>
  <ItemGroup>
    <None Include="GameObject.inl">
      <Filter>Fichiers d%27en-tête</Filter>
    </None>
    <None Include="ModuleManager.inl">
      <Filter>Fichiers d%27en-tête\Modules</Filter>
    </None>
    <None Include="SceneModule.inl">
      <Filter>Fichiers d%27en-tête\Modules</Filter>
    </None>
  </ItemGroup>
</Project>